
Microsoft Visual Studio Solution File, Format Version 12.00
# Visual Studio Version 17
VisualStudioVersion = 17.7.34031.279
MinimumVisualStudioVersion = 10.0.40219.1
Project("{FAE04EC0-301F-11D3-BF4B-00C04F79EFBC}") = "Gorjeta", "Gorjeta\Gorjeta.csproj", "{BB48FEAE-95C2-4608-BFBB-43A9150D111B}"
EndProject
Global
	GlobalSection(SolutionConfigurationPlatforms) = preSolution
		Debug|Any CPU = Debug|Any CPU
		Release|Any CPU = Release|Any CPU
	EndGlobalSection
	GlobalSection(ProjectConfigurationPlatforms) = postSolution
		{BB48FEAE-95C2-4608-BFBB-43A9150D111B}.Debug|Any CPU.ActiveCfg = Debug|Any CPU
		{BB48FEAE-95C2-4608-BFBB-43A9150D111B}.Debug|Any CPU.Build.0 = Debug|Any CPU
		{BB48FEAE-95C2-4608-BFBB-43A9150D111B}.Debug|Any CPU.Deploy.0 = Debug|Any CPU
		{BB48FEAE-95C2-4608-BFBB-43A9150D111B}.Release|Any CPU.ActiveCfg = Release|Any CPU
		{BB48FEAE-95C2-4608-BFBB-43A9150D111B}.Release|Any CPU.Build.0 = Release|Any CPU
		{BB48FEAE-95C2-4608-BFBB-43A9150D111B}.Release|Any CPU.Deploy.0 = Release|Any CPU
	EndGlobalSection
	GlobalSection(SolutionProperties) = preSolution
		HideSolutionNode = FALSE
	EndGlobalSection
	GlobalSection(ExtensibilityGlobals) = postSolution
		SolutionGuid = {6B694F53-9CC9-44CE-8318-DA231FBE0D25}
	EndGlobalSection
EndGlobal
